
Microsoft Visual Studio Solution File, Format Version 12.00
# Visual Studio Version 17
VisualStudioVersion = 17.2.32630.192
MinimumVisualStudioVersion = 10.0.40219.1
Project("{FAE04EC0-301F-11D3-BF4B-00C04F79EFBC}") = "AirlineReservationSystem.2.0", "AirlineReservationSystem.2.0\AirlineReservationSystem.2.0.csproj", "{F789E460-2952-453E-9876-68AC4993E8A1}"
EndProject
Global
	GlobalSection(SolutionConfigurationPlatforms) = preSolution
		Debug|Any CPU = Debug|Any CPU
		Release|Any CPU = Release|Any CPU
	EndGlobalSection
	GlobalSection(ProjectConfigurationPlatforms) = postSolution
		{F789E460-2952-453E-9876-68AC4993E8A1}.Debug|Any CPU.ActiveCfg = Debug|Any CPU
		{F789E460-2952-453E-9876-68AC4993E8A1}.Debug|Any CPU.Build.0 = Debug|Any CPU
		{F789E460-2952-453E-9876-68AC4993E8A1}.Release|Any CPU.ActiveCfg = Release|Any CPU
		{F789E460-2952-453E-9876-68AC4993E8A1}.Release|Any CPU.Build.0 = Release|Any CPU
	EndGlobalSection
	GlobalSection(SolutionProperties) = preSolution
		HideSolutionNode = FALSE
	EndGlobalSection
	GlobalSection(ExtensibilityGlobals) = postSolution
		SolutionGuid = {A987D2E2-586C-4A2D-8187-6653AB223670}
	EndGlobalSection
EndGlobal
