
Microsoft Visual Studio Solution File, Format Version 12.00
# Visual Studio Version 17
VisualStudioVersion = 17.2.32630.192
MinimumVisualStudioVersion = 10.0.40219.1
Project("{9A19103F-16F7-4668-BE54-9A1E7A4F7556}") = "ARS.Service", "ARS.Service\ARS.Service.csproj", "{FCE97D89-EEBD-4C4A-9FFA-05ABCB04B2F4}"
EndProject
Project("{9A19103F-16F7-4668-BE54-9A1E7A4F7556}") = "ARS.Common", "ARS.Common\ARS.Common.csproj", "{138BD18E-41AC-4034-9AAB-1EFB12D9B49B}"
EndProject
Project("{9A19103F-16F7-4668-BE54-9A1E7A4F7556}") = "ARS.Persistance", "ARS.Persistance\ARS.Persistance.csproj", "{E7356970-A3E0-4ACF-A2DC-1BF47A60B97B}"
EndProject
Project("{9A19103F-16F7-4668-BE54-9A1E7A4F7556}") = "ARS.Api", "ARS.Api\ARS.Api.csproj", "{C33B9C78-4FD4-4788-88CC-513A5693EC40}"
EndProject
Global
	GlobalSection(SolutionConfigurationPlatforms) = preSolution
		Debug|Any CPU = Debug|Any CPU
		Release|Any CPU = Release|Any CPU
	EndGlobalSection
	GlobalSection(ProjectConfigurationPlatforms) = postSolution
		{FCE97D89-EEBD-4C4A-9FFA-05ABCB04B2F4}.Debug|Any CPU.ActiveCfg = Debug|Any CPU
		{FCE97D89-EEBD-4C4A-9FFA-05ABCB04B2F4}.Debug|Any CPU.Build.0 = Debug|Any CPU
		{FCE97D89-EEBD-4C4A-9FFA-05ABCB04B2F4}.Release|Any CPU.ActiveCfg = Release|Any CPU
		{FCE97D89-EEBD-4C4A-9FFA-05ABCB04B2F4}.Release|Any CPU.Build.0 = Release|Any CPU
		{138BD18E-41AC-4034-9AAB-1EFB12D9B49B}.Debug|Any CPU.ActiveCfg = Debug|Any CPU
		{138BD18E-41AC-4034-9AAB-1EFB12D9B49B}.Debug|Any CPU.Build.0 = Debug|Any CPU
		{138BD18E-41AC-4034-9AAB-1EFB12D9B49B}.Release|Any CPU.ActiveCfg = Release|Any CPU
		{138BD18E-41AC-4034-9AAB-1EFB12D9B49B}.Release|Any CPU.Build.0 = Release|Any CPU
		{E7356970-A3E0-4ACF-A2DC-1BF47A60B97B}.Debug|Any CPU.ActiveCfg = Debug|Any CPU
		{E7356970-A3E0-4ACF-A2DC-1BF47A60B97B}.Debug|Any CPU.Build.0 = Debug|Any CPU
		{E7356970-A3E0-4ACF-A2DC-1BF47A60B97B}.Release|Any CPU.ActiveCfg = Release|Any CPU
		{E7356970-A3E0-4ACF-A2DC-1BF47A60B97B}.Release|Any CPU.Build.0 = Release|Any CPU
		{C33B9C78-4FD4-4788-88CC-513A5693EC40}.Debug|Any CPU.ActiveCfg = Debug|Any CPU
		{C33B9C78-4FD4-4788-88CC-513A5693EC40}.Debug|Any CPU.Build.0 = Debug|Any CPU
		{C33B9C78-4FD4-4788-88CC-513A5693EC40}.Release|Any CPU.ActiveCfg = Release|Any CPU
		{C33B9C78-4FD4-4788-88CC-513A5693EC40}.Release|Any CPU.Build.0 = Release|Any CPU
	EndGlobalSection
	GlobalSection(SolutionProperties) = preSolution
		HideSolutionNode = FALSE
	EndGlobalSection
	GlobalSection(ExtensibilityGlobals) = postSolution
		SolutionGuid = {A987D2E2-586C-4A2D-8187-6653AB223670}
	EndGlobalSection
EndGlobal
